// !$*UTF8*$!
{
	archiveVersion = 1;
	classes = {
	};
	objectVersion = 77;
	objects = {

/* Begin PBXBuildFile section */
		08161D9947C25166CBF36E8C /* DestinationBookmarkStore.swift in Sources */ = {isa = PBXBuildFile; fileRef = 4876A9F596105C7C5D47F7E0 /* DestinationBookmarkStore.swift */; };
		14705E941321BCC7439B7176 /* IOSAppModel.swift in Sources */ = {isa = PBXBuildFile; fileRef = E54637942FB37B30D6DDA037 /* IOSAppModel.swift */; };
		1BABAB49069C8C3C1FF91D73 /* SyncCore in Frameworks */ = {isa = PBXBuildFile; productRef = 13221DB4E57B0C6301671B83 /* SyncCore */; };
		25F605BD28B200F1A931C970 /* SetupView.swift in Sources */ = {isa = PBXBuildFile; fileRef = 2C9D0BFB486918D0032F13FA /* SetupView.swift */; };
		38745007609AEDF246BC83FB /* SyncCore in Frameworks */ = {isa = PBXBuildFile; productRef = 970CD9C2774E45204C8E7339 /* SyncCore */; };
		3EA07E89F3264C9D0332D839 /* AlbumSelectionStore.swift in Sources */ = {isa = PBXBuildFile; fileRef = 9C4EBFD847D2226B8B254240 /* AlbumSelectionStore.swift */; };
		5B4E87CB6727F1B7C0A06BB9 /* iPhoneSyncApp.swift in Sources */ = {isa = PBXBuildFile; fileRef = 01BC6E01E23B24D585277779 /* iPhoneSyncApp.swift */; };
		5E3641F4297CCD3CBF2C9101 /* iPhoneSyncMacApp.swift in Sources */ = {isa = PBXBuildFile; fileRef = EAE9F6A757DFC89BB7C3BBB8 /* iPhoneSyncMacApp.swift */; };
		65AB16FA589F142E5F485316 /* ContentView.swift in Sources */ = {isa = PBXBuildFile; fileRef = D083B54921E71E6F14F50FF2 /* ContentView.swift */; };
		89EB372A74E0E2E5F3450093 /* MenuContentView.swift in Sources */ = {isa = PBXBuildFile; fileRef = D3B200290631680A755B7A65 /* MenuContentView.swift */; };
		9402BF3D0336124B12229D5F /* ReceiverController.swift in Sources */ = {isa = PBXBuildFile; fileRef = 05A2E759012EE230E42C709D /* ReceiverController.swift */; };
		9A4C90240FBD422EDDA41183 /* IOSSyncCoordinator.swift in Sources */ = {isa = PBXBuildFile; fileRef = 2AB713F064A734FE6F70198F /* IOSSyncCoordinator.swift */; };
		9B1A6DBEBD34C3F28D5897E2 /* MacReceiverKit in Frameworks */ = {isa = PBXBuildFile; productRef = 9F0AAA22218B401A50B17E95 /* MacReceiverKit */; };
		AF3E0FC4102E74B4C1888833 /* AlbumPickerView.swift in Sources */ = {isa = PBXBuildFile; fileRef = D13572CE33715446B79AC919 /* AlbumPickerView.swift */; };
		B887F340F534794EFA293C79 /* MacAppModel.swift in Sources */ = {isa = PBXBuildFile; fileRef = 723C77020AAFB4E5160889CB /* MacAppModel.swift */; };
		F67B0D6C0E0E6F653CC19C78 /* PairingView.swift in Sources */ = {isa = PBXBuildFile; fileRef = E9D313C3F72A25EB84A76400 /* PairingView.swift */; };
		FB7D12302B2D408E6477E785 /* PhotoLibrarySource.swift in Sources */ = {isa = PBXBuildFile; fileRef = A3D654D27AB26AF92F3EEC49 /* PhotoLibrarySource.swift */; };
/* End PBXBuildFile section */

/* Begin PBXFileReference section */
		01BC6E01E23B24D585277779 /* iPhoneSyncApp.swift */ = {isa = PBXFileReference; lastKnownFileType = sourcecode.swift; path = iPhoneSyncApp.swift; sourceTree = "<group>"; };
		05A2E759012EE230E42C709D /* ReceiverController.swift */ = {isa = PBXFileReference; lastKnownFileType = sourcecode.swift; path = ReceiverController.swift; sourceTree = "<group>"; };
		0A6089E29B5F5E9A7818D79A /* iPhoneSyncMac.app */ = {isa = PBXFileReference; explicitFileType = wrapper.application; includeInIndex = 0; path = iPhoneSyncMac.app; sourceTree = BUILT_PRODUCTS_DIR; };
		2AB713F064A734FE6F70198F /* IOSSyncCoordinator.swift */ = {isa = PBXFileReference; lastKnownFileType = sourcecode.swift; path = IOSSyncCoordinator.swift; sourceTree = "<group>"; };
		2C9D0BFB486918D0032F13FA /* SetupView.swift */ = {isa = PBXFileReference; lastKnownFileType = sourcecode.swift; path = SetupView.swift; sourceTree = "<group>"; };
		4876A9F596105C7C5D47F7E0 /* DestinationBookmarkStore.swift */ = {isa = PBXFileReference; lastKnownFileType = sourcecode.swift; path = DestinationBookmarkStore.swift; sourceTree = "<group>"; };
		723C77020AAFB4E5160889CB /* MacAppModel.swift */ = {isa = PBXFileReference; lastKnownFileType = sourcecode.swift; path = MacAppModel.swift; sourceTree = "<group>"; };
		9C4EBFD847D2226B8B254240 /* AlbumSelectionStore.swift */ = {isa = PBXFileReference; lastKnownFileType = sourcecode.swift; path = AlbumSelectionStore.swift; sourceTree = "<group>"; };
		A31F3933762C43A71D86AD82 /* iPhoneSyncIOS.app */ = {isa = PBXFileReference; includeInIndex = 0; lastKnownFileType = wrapper.application; path = iPhoneSyncIOS.app; sourceTree = BUILT_PRODUCTS_DIR; };
		A3D654D27AB26AF92F3EEC49 /* PhotoLibrarySource.swift */ = {isa = PBXFileReference; lastKnownFileType = sourcecode.swift; path = PhotoLibrarySource.swift; sourceTree = "<group>"; };
		B33A27ED9057A6F22B2262FB /* SyncCore */ = {isa = PBXFileReference; lastKnownFileType = folder; name = SyncCore; path = packages/SyncCore; sourceTree = SOURCE_ROOT; };
		D083B54921E71E6F14F50FF2 /* ContentView.swift */ = {isa = PBXFileReference; lastKnownFileType = sourcecode.swift; path = ContentView.swift; sourceTree = "<group>"; };
		D13572CE33715446B79AC919 /* AlbumPickerView.swift */ = {isa = PBXFileReference; lastKnownFileType = sourcecode.swift; path = AlbumPickerView.swift; sourceTree = "<group>"; };
		D3B200290631680A755B7A65 /* MenuContentView.swift */ = {isa = PBXFileReference; lastKnownFileType = sourcecode.swift; path = MenuContentView.swift; sourceTree = "<group>"; };
		E54637942FB37B30D6DDA037 /* IOSAppModel.swift */ = {isa = PBXFileReference; lastKnownFileType = sourcecode.swift; path = IOSAppModel.swift; sourceTree = "<group>"; };
		E9D313C3F72A25EB84A76400 /* PairingView.swift */ = {isa = PBXFileReference; lastKnownFileType = sourcecode.swift; path = PairingView.swift; sourceTree = "<group>"; };
		EAE9F6A757DFC89BB7C3BBB8 /* iPhoneSyncMacApp.swift */ = {isa = PBXFileReference; lastKnownFileType = sourcecode.swift; path = iPhoneSyncMacApp.swift; sourceTree = "<group>"; };
/* End PBXFileReference section */

/* Begin PBXFrameworksBuildPhase section */
		03D1965B1D85AE3FBF4EDEDE /* Frameworks */ = {
			isa = PBXFrameworksBuildPhase;
			buildActionMask = 2147483647;
			files = (
				1BABAB49069C8C3C1FF91D73 /* SyncCore in Frameworks */,
			);
			runOnlyForDeploymentPostprocessing = 0;
		};
		B186A00F8514D0F7E772CCAB /* Frameworks */ = {
			isa = PBXFrameworksBuildPhase;
			buildActionMask = 2147483647;
			files = (
				38745007609AEDF246BC83FB /* SyncCore in Frameworks */,
				9B1A6DBEBD34C3F28D5897E2 /* MacReceiverKit in Frameworks */,
			);
			runOnlyForDeploymentPostprocessing = 0;
		};
/* End PBXFrameworksBuildPhase section */

/* Begin PBXGroup section */
		0A87E5F0E12A5BA4A31A2FF5 /* Sources */ = {
			isa = PBXGroup;
			children = (
				D13572CE33715446B79AC919 /* AlbumPickerView.swift */,
				9C4EBFD847D2226B8B254240 /* AlbumSelectionStore.swift */,
				D083B54921E71E6F14F50FF2 /* ContentView.swift */,
				E54637942FB37B30D6DDA037 /* IOSAppModel.swift */,
				2AB713F064A734FE6F70198F /* IOSSyncCoordinator.swift */,
				01BC6E01E23B24D585277779 /* iPhoneSyncApp.swift */,
				E9D313C3F72A25EB84A76400 /* PairingView.swift */,
				A3D654D27AB26AF92F3EEC49 /* PhotoLibrarySource.swift */,
			);
			name = Sources;
			path = apps/ios/Sources;
			sourceTree = "<group>";
		};
		2A3CFCF5B4EEC4BC1195B067 /* Products */ = {
			isa = PBXGroup;
			children = (
				A31F3933762C43A71D86AD82 /* iPhoneSyncIOS.app */,
				0A6089E29B5F5E9A7818D79A /* iPhoneSyncMac.app */,
			);
			name = Products;
			sourceTree = "<group>";
		};
		414283E75F19A2E45017C5DD /* Packages */ = {
			isa = PBXGroup;
			children = (
				B33A27ED9057A6F22B2262FB /* SyncCore */,
			);
			path = Packages;
			sourceTree = "<group>";
		};
		6B430D6BF8B4987AAE19B187 /* Sources */ = {
			isa = PBXGroup;
			children = (
				4876A9F596105C7C5D47F7E0 /* DestinationBookmarkStore.swift */,
				EAE9F6A757DFC89BB7C3BBB8 /* iPhoneSyncMacApp.swift */,
				723C77020AAFB4E5160889CB /* MacAppModel.swift */,
				D3B200290631680A755B7A65 /* MenuContentView.swift */,
				05A2E759012EE230E42C709D /* ReceiverController.swift */,
				2C9D0BFB486918D0032F13FA /* SetupView.swift */,
			);
			name = Sources;
			path = apps/macos/Sources;
			sourceTree = "<group>";
		};
		EF4025959BE4BFE3612B8773 = {
			isa = PBXGroup;
			children = (
				414283E75F19A2E45017C5DD /* Packages */,
				0A87E5F0E12A5BA4A31A2FF5 /* Sources */,
				6B430D6BF8B4987AAE19B187 /* Sources */,
				2A3CFCF5B4EEC4BC1195B067 /* Products */,
			);
			sourceTree = "<group>";
		};
/* End PBXGroup section */

/* Begin PBXNativeTarget section */
		3CF38D151CB973F834C0D7FE /* iPhoneSyncMac */ = {
			isa = PBXNativeTarget;
			buildConfigurationList = 52F8FF69B99DAAB3F0B47808 /* Build configuration list for PBXNativeTarget "iPhoneSyncMac" */;
			buildPhases = (
				0E4D6A8D864BFE267E3E231C /* Sources */,
				B186A00F8514D0F7E772CCAB /* Frameworks */,
			);
			buildRules = (
			);
			dependencies = (
			);
			name = iPhoneSyncMac;
			packageProductDependencies = (
				970CD9C2774E45204C8E7339 /* SyncCore */,
				9F0AAA22218B401A50B17E95 /* MacReceiverKit */,
			);
			productName = iPhoneSyncMac;
			productReference = 0A6089E29B5F5E9A7818D79A /* iPhoneSyncMac.app */;
			productType = "com.apple.product-type.application";
		};
		E1AAE778FF869E43170E0BF7 /* iPhoneSyncIOS */ = {
			isa = PBXNativeTarget;
			buildConfigurationList = B3CE9FF843DA966640FFA3D8 /* Build configuration list for PBXNativeTarget "iPhoneSyncIOS" */;
			buildPhases = (
				2B4C320B69B906225F6FFF54 /* Sources */,
				03D1965B1D85AE3FBF4EDEDE /* Frameworks */,
			);
			buildRules = (
			);
			dependencies = (
			);
			name = iPhoneSyncIOS;
			packageProductDependencies = (
				13221DB4E57B0C6301671B83 /* SyncCore */,
			);
			productName = iPhoneSyncIOS;
			productReference = A31F3933762C43A71D86AD82 /* iPhoneSyncIOS.app */;
			productType = "com.apple.product-type.application";
		};
/* End PBXNativeTarget section */

/* Begin PBXProject section */
		6827E70BFDC84E74295229D2 /* Project object */ = {
			isa = PBXProject;
			attributes = {
				BuildIndependentTargetsInParallel = YES;
				LastUpgradeCheck = 2600;
				TargetAttributes = {
					3CF38D151CB973F834C0D7FE = {
						DevelopmentTeam = "";
					};
					E1AAE778FF869E43170E0BF7 = {
						DevelopmentTeam = "";
					};
				};
			};
			buildConfigurationList = C9CE94B7F259742B7F5E3CC9 /* Build configuration list for PBXProject "iPhoneSync" */;
			developmentRegion = en;
			hasScannedForEncodings = 0;
			knownRegions = (
				Base,
				en,
			);
			mainGroup = EF4025959BE4BFE3612B8773;
			minimizedProjectReferenceProxies = 1;
			packageReferences = (
				59C33D1B90D5B3963E9BB313 /* XCLocalSwiftPackageReference "packages/SyncCore" */,
			);
			preferredProjectObjectVersion = 77;
			productRefGroup = 2A3CFCF5B4EEC4BC1195B067 /* Products */;
			projectDirPath = "";
			projectRoot = "";
			targets = (
				E1AAE778FF869E43170E0BF7 /* iPhoneSyncIOS */,
				3CF38D151CB973F834C0D7FE /* iPhoneSyncMac */,
			);
		};
/* End PBXProject section */

/* Begin PBXSourcesBuildPhase section */
		0E4D6A8D864BFE267E3E231C /* Sources */ = {
			isa = PBXSourcesBuildPhase;
			buildActionMask = 2147483647;
			files = (
				08161D9947C25166CBF36E8C /* DestinationBookmarkStore.swift in Sources */,
				B887F340F534794EFA293C79 /* MacAppModel.swift in Sources */,
				89EB372A74E0E2E5F3450093 /* MenuContentView.swift in Sources */,
				9402BF3D0336124B12229D5F /* ReceiverController.swift in Sources */,
				25F605BD28B200F1A931C970 /* SetupView.swift in Sources */,
				5E3641F4297CCD3CBF2C9101 /* iPhoneSyncMacApp.swift in Sources */,
			);
			runOnlyForDeploymentPostprocessing = 0;
		};
		2B4C320B69B906225F6FFF54 /* Sources */ = {
			isa = PBXSourcesBuildPhase;
			buildActionMask = 2147483647;
			files = (
				AF3E0FC4102E74B4C1888833 /* AlbumPickerView.swift in Sources */,
				3EA07E89F3264C9D0332D839 /* AlbumSelectionStore.swift in Sources */,
				65AB16FA589F142E5F485316 /* ContentView.swift in Sources */,
				14705E941321BCC7439B7176 /* IOSAppModel.swift in Sources */,
				9A4C90240FBD422EDDA41183 /* IOSSyncCoordinator.swift in Sources */,
				F67B0D6C0E0E6F653CC19C78 /* PairingView.swift in Sources */,
				FB7D12302B2D408E6477E785 /* PhotoLibrarySource.swift in Sources */,
				5B4E87CB6727F1B7C0A06BB9 /* iPhoneSyncApp.swift in Sources */,
			);
			runOnlyForDeploymentPostprocessing = 0;
		};
/* End PBXSourcesBuildPhase section */

/* Begin XCBuildConfiguration section */
		ACC98035B2D50218D7479E25 /* Release */ = {
			isa = XCBuildConfiguration;
			buildSettings = {
				ALWAYS_SEARCH_USER_PATHS = NO;
				CLANG_ANALYZER_NONNULL = YES;
				CLANG_ANALYZER_NUMBER_OBJECT_CONVERSION = YES_AGGRESSIVE;
				CLANG_CXX_LANGUAGE_STANDARD = "gnu++14";
				CLANG_CXX_LIBRARY = "libc++";
				CLANG_ENABLE_MODULES = YES;
				CLANG_ENABLE_OBJC_ARC = YES;
				CLANG_ENABLE_OBJC_WEAK = YES;
				CLANG_WARN_BLOCK_CAPTURE_AUTORELEASING = YES;
				CLANG_WARN_BOOL_CONVERSION = YES;
				CLANG_WARN_COMMA = YES;
				CLANG_WARN_CONSTANT_CONVERSION = YES;
				CLANG_WARN_DEPRECATED_OBJC_IMPLEMENTATIONS = YES;
				CLANG_WARN_DIRECT_OBJC_ISA_USAGE = YES_ERROR;
				CLANG_WARN_DOCUMENTATION_COMMENTS = YES;
				CLANG_WARN_EMPTY_BODY = YES;
				CLANG_WARN_ENUM_CONVERSION = YES;
				CLANG_WARN_INFINITE_RECURSION = YES;
				CLANG_WARN_INT_CONVERSION = YES;
				CLANG_WARN_NON_LITERAL_NULL_CONVERSION = YES;
				CLANG_WARN_OBJC_IMPLICIT_RETAIN_SELF = YES;
				CLANG_WARN_OBJC_LITERAL_CONVERSION = YES;
				CLANG_WARN_OBJC_ROOT_CLASS = YES_ERROR;
				CLANG_WARN_QUOTED_INCLUDE_IN_FRAMEWORK_HEADER = YES;
				CLANG_WARN_RANGE_LOOP_ANALYSIS = YES;
				CLANG_WARN_STRICT_PROTOTYPES = YES;
				CLANG_WARN_SUSPICIOUS_MOVE = YES;
				CLANG_WARN_UNGUARDED_AVAILABILITY = YES_AGGRESSIVE;
				CLANG_WARN_UNREACHABLE_CODE = YES;
				CLANG_WARN__DUPLICATE_METHOD_MATCH = YES;
				COPY_PHASE_STRIP = NO;
				DEBUG_INFORMATION_FORMAT = "dwarf-with-dsym";
				DEVELOPMENT_TEAM = "";
				ENABLE_NS_ASSERTIONS = NO;
				ENABLE_STRICT_OBJC_MSGSEND = YES;
				GCC_C_LANGUAGE_STANDARD = gnu11;
				GCC_NO_COMMON_BLOCKS = YES;
				GCC_WARN_64_TO_32_BIT_CONVERSION = YES;
				GCC_WARN_ABOUT_RETURN_TYPE = YES_ERROR;
				GCC_WARN_UNDECLARED_SELECTOR = YES;
				GCC_WARN_UNINITIALIZED_AUTOS = YES_AGGRESSIVE;
				GCC_WARN_UNUSED_FUNCTION = YES;
				GCC_WARN_UNUSED_VARIABLE = YES;
				IPHONEOS_DEPLOYMENT_TARGET = 17.0;
				MACOSX_DEPLOYMENT_TARGET = 14.0;
				MTL_ENABLE_DEBUG_INFO = NO;
				MTL_FAST_MATH = YES;
				PRODUCT_NAME = "$(TARGET_NAME)";
				SWIFT_COMPILATION_MODE = wholemodule;
				SWIFT_OPTIMIZATION_LEVEL = "-O";
				SWIFT_VERSION = 6.0;
			};
			name = Release;
		};
		B705DFA2AC744B618576ADFB /* Debug */ = {
			isa = XCBuildConfiguration;
			buildSettings = {
				ASSETCATALOG_COMPILER_APPICON_NAME = AppIcon;
				CODE_SIGN_ENTITLEMENTS = apps/macos/iPhoneSyncMac.entitlements;
				COMBINE_HIDPI_IMAGES = YES;
				CURRENT_PROJECT_VERSION = 1;
				GENERATE_INFOPLIST_FILE = NO;
				INFOPLIST_FILE = apps/macos/Info.plist;
				LD_RUNPATH_SEARCH_PATHS = (
					"$(inherited)",
					"@executable_path/../Frameworks",
				);
				MACOSX_DEPLOYMENT_TARGET = 14.0;
				MARKETING_VERSION = 1.0;
				PRODUCT_BUNDLE_IDENTIFIER = com.bizshuk.iphonesync.mac;
				PRODUCT_NAME = "iPhone Sync";
				SDKROOT = macosx;
			};
			name = Debug;
		};
		BD76BD2A010F04809365E206 /* Release */ = {
			isa = XCBuildConfiguration;
			buildSettings = {
				ASSETCATALOG_COMPILER_APPICON_NAME = AppIcon;
				CODE_SIGN_ENTITLEMENTS = apps/macos/iPhoneSyncMac.entitlements;
				COMBINE_HIDPI_IMAGES = YES;
				CURRENT_PROJECT_VERSION = 1;
				GENERATE_INFOPLIST_FILE = NO;
				INFOPLIST_FILE = apps/macos/Info.plist;
				LD_RUNPATH_SEARCH_PATHS = (
					"$(inherited)",
					"@executable_path/../Frameworks",
				);
				MACOSX_DEPLOYMENT_TARGET = 14.0;
				MARKETING_VERSION = 1.0;
				PRODUCT_BUNDLE_IDENTIFIER = com.bizshuk.iphonesync.mac;
				PRODUCT_NAME = "iPhone Sync";
				SDKROOT = macosx;
			};
			name = Release;
		};
		C6DE2BA2B6F85FDDE855687B /* Release */ = {
			isa = XCBuildConfiguration;
			buildSettings = {
				ASSETCATALOG_COMPILER_APPICON_NAME = AppIcon;
				CODE_SIGN_ENTITLEMENTS = apps/ios/iPhoneSync.entitlements;
				CODE_SIGN_IDENTITY = "iPhone Developer";
				CURRENT_PROJECT_VERSION = 1;
				GENERATE_INFOPLIST_FILE = NO;
				INFOPLIST_FILE = apps/ios/Info.plist;
				IPHONEOS_DEPLOYMENT_TARGET = 17.0;
				LD_RUNPATH_SEARCH_PATHS = (
					"$(inherited)",
					"@executable_path/Frameworks",
				);
				MARKETING_VERSION = 1.0;
				PRODUCT_BUNDLE_IDENTIFIER = com.bizshuk.iphonesync.ios;
				PRODUCT_NAME = "iPhone Sync";
				SDKROOT = iphoneos;
				TARGETED_DEVICE_FAMILY = 1;
			};
			name = Release;
		};
		E9930C24D5D54E75E888173E /* Debug */ = {
			isa = XCBuildConfiguration;
			buildSettings = {
				ASSETCATALOG_COMPILER_APPICON_NAME = AppIcon;
				CODE_SIGN_ENTITLEMENTS = apps/ios/iPhoneSync.entitlements;
				CODE_SIGN_IDENTITY = "iPhone Developer";
				CURRENT_PROJECT_VERSION = 1;
				GENERATE_INFOPLIST_FILE = NO;
				INFOPLIST_FILE = apps/ios/Info.plist;
				IPHONEOS_DEPLOYMENT_TARGET = 17.0;
				LD_RUNPATH_SEARCH_PATHS = (
					"$(inherited)",
					"@executable_path/Frameworks",
				);
				MARKETING_VERSION = 1.0;
				PRODUCT_BUNDLE_IDENTIFIER = com.bizshuk.iphonesync.ios;
				PRODUCT_NAME = "iPhone Sync";
				SDKROOT = iphoneos;
				TARGETED_DEVICE_FAMILY = 1;
			};
			name = Debug;
		};
		FB0E3B0FF4CFCD79EFB55494 /* Debug */ = {
			isa = XCBuildConfiguration;
			buildSettings = {
				ALWAYS_SEARCH_USER_PATHS = NO;
				CLANG_ANALYZER_NONNULL = YES;
				CLANG_ANALYZER_NUMBER_OBJECT_CONVERSION = YES_AGGRESSIVE;
				CLANG_CXX_LANGUAGE_STANDARD = "gnu++14";
				CLANG_CXX_LIBRARY = "libc++";
				CLANG_ENABLE_MODULES = YES;
				CLANG_ENABLE_OBJC_ARC = YES;
				CLANG_ENABLE_OBJC_WEAK = YES;
				CLANG_WARN_BLOCK_CAPTURE_AUTORELEASING = YES;
				CLANG_WARN_BOOL_CONVERSION = YES;
				CLANG_WARN_COMMA = YES;
				CLANG_WARN_CONSTANT_CONVERSION = YES;
				CLANG_WARN_DEPRECATED_OBJC_IMPLEMENTATIONS = YES;
				CLANG_WARN_DIRECT_OBJC_ISA_USAGE = YES_ERROR;
				CLANG_WARN_DOCUMENTATION_COMMENTS = YES;
				CLANG_WARN_EMPTY_BODY = YES;
				CLANG_WARN_ENUM_CONVERSION = YES;
				CLANG_WARN_INFINITE_RECURSION = YES;
				CLANG_WARN_INT_CONVERSION = YES;
				CLANG_WARN_NON_LITERAL_NULL_CONVERSION = YES;
				CLANG_WARN_OBJC_IMPLICIT_RETAIN_SELF = YES;
				CLANG_WARN_OBJC_LITERAL_CONVERSION = YES;
				CLANG_WARN_OBJC_ROOT_CLASS = YES_ERROR;
				CLANG_WARN_QUOTED_INCLUDE_IN_FRAMEWORK_HEADER = YES;
				CLANG_WARN_RANGE_LOOP_ANALYSIS = YES;
				CLANG_WARN_STRICT_PROTOTYPES = YES;
				CLANG_WARN_SUSPICIOUS_MOVE = YES;
				CLANG_WARN_UNGUARDED_AVAILABILITY = YES_AGGRESSIVE;
				CLANG_WARN_UNREACHABLE_CODE = YES;
				CLANG_WARN__DUPLICATE_METHOD_MATCH = YES;
				COPY_PHASE_STRIP = NO;
				DEBUG_INFORMATION_FORMAT = dwarf;
				DEVELOPMENT_TEAM = "";
				ENABLE_STRICT_OBJC_MSGSEND = YES;
				ENABLE_TESTABILITY = YES;
				GCC_C_LANGUAGE_STANDARD = gnu11;
				GCC_DYNAMIC_NO_PIC = NO;
				GCC_NO_COMMON_BLOCKS = YES;
				GCC_OPTIMIZATION_LEVEL = 0;
				GCC_PREPROCESSOR_DEFINITIONS = (
					"$(inherited)",
					"DEBUG=1",
				);
				GCC_WARN_64_TO_32_BIT_CONVERSION = YES;
				GCC_WARN_ABOUT_RETURN_TYPE = YES_ERROR;
				GCC_WARN_UNDECLARED_SELECTOR = YES;
				GCC_WARN_UNINITIALIZED_AUTOS = YES_AGGRESSIVE;
				GCC_WARN_UNUSED_FUNCTION = YES;
				GCC_WARN_UNUSED_VARIABLE = YES;
				IPHONEOS_DEPLOYMENT_TARGET = 17.0;
				MACOSX_DEPLOYMENT_TARGET = 14.0;
				MTL_ENABLE_DEBUG_INFO = INCLUDE_SOURCE;
				MTL_FAST_MATH = YES;
				ONLY_ACTIVE_ARCH = YES;
				PRODUCT_NAME = "$(TARGET_NAME)";
				SWIFT_ACTIVE_COMPILATION_CONDITIONS = DEBUG;
				SWIFT_OPTIMIZATION_LEVEL = "-Onone";
				SWIFT_VERSION = 6.0;
			};
			name = Debug;
		};
/* End XCBuildConfiguration section */

/* Begin XCConfigurationList section */
		52F8FF69B99DAAB3F0B47808 /* Build configuration list for PBXNativeTarget "iPhoneSyncMac" */ = {
			isa = XCConfigurationList;
			buildConfigurations = (
				B705DFA2AC744B618576ADFB /* Debug */,
				BD76BD2A010F04809365E206 /* Release */,
			);
			defaultConfigurationIsVisible = 0;
			defaultConfigurationName = Debug;
		};
		B3CE9FF843DA966640FFA3D8 /* Build configuration list for PBXNativeTarget "iPhoneSyncIOS" */ = {
			isa = XCConfigurationList;
			buildConfigurations = (
				E9930C24D5D54E75E888173E /* Debug */,
				C6DE2BA2B6F85FDDE855687B /* Release */,
			);
			defaultConfigurationIsVisible = 0;
			defaultConfigurationName = Debug;
		};
		C9CE94B7F259742B7F5E3CC9 /* Build configuration list for PBXProject "iPhoneSync" */ = {
			isa = XCConfigurationList;
			buildConfigurations = (
				FB0E3B0FF4CFCD79EFB55494 /* Debug */,
				ACC98035B2D50218D7479E25 /* Release */,
			);
			defaultConfigurationIsVisible = 0;
			defaultConfigurationName = Debug;
		};
/* End XCConfigurationList section */

/* Begin XCLocalSwiftPackageReference section */
		59C33D1B90D5B3963E9BB313 /* XCLocalSwiftPackageReference "packages/SyncCore" */ = {
			isa = XCLocalSwiftPackageReference;
			relativePath = packages/SyncCore;
		};
/* End XCLocalSwiftPackageReference section */

/* Begin XCSwiftPackageProductDependency section */
		13221DB4E57B0C6301671B83 /* SyncCore */ = {
			isa = XCSwiftPackageProductDependency;
			productName = SyncCore;
		};
		970CD9C2774E45204C8E7339 /* SyncCore */ = {
			isa = XCSwiftPackageProductDependency;
			productName = SyncCore;
		};
		9F0AAA22218B401A50B17E95 /* MacReceiverKit */ = {
			isa = XCSwiftPackageProductDependency;
			productName = MacReceiverKit;
		};
/* End XCSwiftPackageProductDependency section */
	};
	rootObject = 6827E70BFDC84E74295229D2 /* Project object */;
}
